
Microsoft Visual Studio Solution File, Format Version 12.00
# Visual Studio 15
Project("{FAE04EC0-301F-11D3-BF4B-00C04F79EFBC}") = "Assembly-CSharp", "Assembly-CSharp.csproj", "{24EA6DD3-8AB1-9849-53EB-9CC6B2458FF9}"
EndProject
Project("{FAE04EC0-301F-11D3-BF4B-00C04F79EFBC}") = "Assembly-CSharp-Editor-firstpass", "Assembly-CSharp-Editor-firstpass.csproj", "{5A3CE764-EAA7-9DA8-7B07-0620FF149B75}"
EndProject
Global
	GlobalSection(SolutionConfigurationPlatforms) = preSolution
		Debug|Any CPU = Debug|Any CPU
		Release|Any CPU = Release|Any CPU
	EndGlobalSection
	GlobalSection(ProjectConfigurationPlatforms) = postSolution
		{24EA6DD3-8AB1-9849-53EB-9CC6B2458FF9}.Debug|Any CPU.ActiveCfg = Debug|Any CPU
		{24EA6DD3-8AB1-9849-53EB-9CC6B2458FF9}.Debug|Any CPU.Build.0 = Debug|Any CPU
		{24EA6DD3-8AB1-9849-53EB-9CC6B2458FF9}.Release|Any CPU.ActiveCfg = Release|Any CPU
		{24EA6DD3-8AB1-9849-53EB-9CC6B2458FF9}.Release|Any CPU.Build.0 = Release|Any CPU
		{5A3CE764-EAA7-9DA8-7B07-0620FF149B75}.Debug|Any CPU.ActiveCfg = Debug|Any CPU
		{5A3CE764-EAA7-9DA8-7B07-0620FF149B75}.Debug|Any CPU.Build.0 = Debug|Any CPU
		{5A3CE764-EAA7-9DA8-7B07-0620FF149B75}.Release|Any CPU.ActiveCfg = Release|Any CPU
		{5A3CE764-EAA7-9DA8-7B07-0620FF149B75}.Release|Any CPU.Build.0 = Release|Any CPU
	EndGlobalSection
	GlobalSection(SolutionProperties) = preSolution
		HideSolutionNode = FALSE
	EndGlobalSection
EndGlobal
