
Microsoft Visual Studio Solution File, Format Version 12.00
# Visual Studio 15
Project("{FAE04EC0-301F-11D3-BF4B-00C04F79EFBC}") = "Assembly-CSharp", "Assembly-CSharp.csproj", "{4B066FED-9345-31F5-8C73-BB62D8CFC440}"
EndProject
Project("{FAE04EC0-301F-11D3-BF4B-00C04F79EFBC}") = "Assembly-CSharp-Editor", "Assembly-CSharp-Editor.csproj", "{724E6BDE-3EBC-1C92-1F3E-DF0023CFEC26}"
EndProject
Global
	GlobalSection(SolutionConfigurationPlatforms) = preSolution
		Debug|Any CPU = Debug|Any CPU
		Release|Any CPU = Release|Any CPU
	EndGlobalSection
	GlobalSection(ProjectConfigurationPlatforms) = postSolution
		{4B066FED-9345-31F5-8C73-BB62D8CFC440}.Debug|Any CPU.ActiveCfg = Debug|Any CPU
		{4B066FED-9345-31F5-8C73-BB62D8CFC440}.Debug|Any CPU.Build.0 = Debug|Any CPU
		{4B066FED-9345-31F5-8C73-BB62D8CFC440}.Release|Any CPU.ActiveCfg = Release|Any CPU
		{4B066FED-9345-31F5-8C73-BB62D8CFC440}.Release|Any CPU.Build.0 = Release|Any CPU
		{724E6BDE-3EBC-1C92-1F3E-DF0023CFEC26}.Debug|Any CPU.ActiveCfg = Debug|Any CPU
		{724E6BDE-3EBC-1C92-1F3E-DF0023CFEC26}.Debug|Any CPU.Build.0 = Debug|Any CPU
		{724E6BDE-3EBC-1C92-1F3E-DF0023CFEC26}.Release|Any CPU.ActiveCfg = Release|Any CPU
		{724E6BDE-3EBC-1C92-1F3E-DF0023CFEC26}.Release|Any CPU.Build.0 = Release|Any CPU
	EndGlobalSection
	GlobalSection(SolutionProperties) = preSolution
		HideSolutionNode = FALSE
	EndGlobalSection
EndGlobal
